# This file is generated by running "yarn install" inside your project.
# Manual changes might be lost - proceed with caution!

__metadata:
  version: 4
  cacheKey: 7

"@cocbot/core@workspace:.":
  version: 0.0.0-use.local
  resolution: "@cocbot/core@workspace:."
  dependencies:
    "@types/jest": ^26.0.20
    "@types/node": ^14.14.22
    "@types/rimraf": ^3.0.0
    rimraf: ^3.0.2
    typescript: ^4.1.3
  languageName: unknown
  linkType: soft

"@jest/types@npm:^26.6.2":
  version: 26.6.2
  resolution: "@jest/types@npm:26.6.2"
  dependencies:
    "@types/istanbul-lib-coverage": ^2.0.0
    "@types/istanbul-reports": ^3.0.0
    "@types/node": "*"
    "@types/yargs": ^15.0.0
    chalk: ^4.0.0
  checksum: 5c511d7807f414b298299ae4a053abf265f39984942e0eefdfb17a7986a36f1047e0fd9a6f785bdddbf7343a5737595dfabe148719a80e118dd77486502009cc
  languageName: node
  linkType: hard

"@types/glob@npm:*":
  version: 7.1.3
  resolution: "@types/glob@npm:7.1.3"
  dependencies:
    "@types/minimatch": "*"
    "@types/node": "*"
  checksum: 633bf1dda9a30899b233ed6b97c75cdd59f2ee856a12240c85474ce6889e26b3b3520b62de56f6bb61824af0ef51b311a0cae305f27ba0de8ddc4898a3673d42
  languageName: node
  linkType: hard

"@types/istanbul-lib-coverage@npm:*, @types/istanbul-lib-coverage@npm:^2.0.0":
  version: 2.0.3
  resolution: "@types/istanbul-lib-coverage@npm:2.0.3"
  checksum: d6f6dbf66d2d2d7d80d093329f0428ac279440510030bfd0080545bba6882433444430905e6e31eba299b890e50ccf2b6a7de9345d7d0ed52ff174f8ead48855
  languageName: node
  linkType: hard

"@types/istanbul-lib-report@npm:*":
  version: 3.0.0
  resolution: "@types/istanbul-lib-report@npm:3.0.0"
  dependencies:
    "@types/istanbul-lib-coverage": "*"
  checksum: 78aa9f859b6d1b2c02387b401e4e42fdec2e26ffede392e544da108abc6aff35c95b40821116ca46006d94c8b405ffd64465c32514549e997b04f8363de1af5e
  languageName: node
  linkType: hard

"@types/istanbul-reports@npm:^3.0.0":
  version: 3.0.0
  resolution: "@types/istanbul-reports@npm:3.0.0"
  dependencies:
    "@types/istanbul-lib-report": "*"
  checksum: 8aee794ea2e8065aa83e0a1017420068d10110f5e67f8473f5751e74462509306c451f79db3856e6848507519bf1d4de7d101daede6539701cc4d74b4646acd9
  languageName: node
  linkType: hard

"@types/jest@npm:^26.0.20":
  version: 26.0.20
  resolution: "@types/jest@npm:26.0.20"
  dependencies:
    jest-diff: ^26.0.0
    pretty-format: ^26.0.0
  checksum: 221e39c7c9ce8d71ae4b2ba6abeef1a5b04f1cd96419b9fbbb65534bef4c4215b650561183073dcf47584ff1888d1f4fa7d2af2a38492b7feb9a3bfdcd24c44f
  languageName: node
  linkType: hard

"@types/minimatch@npm:*":
  version: 3.0.3
  resolution: "@types/minimatch@npm:3.0.3"
  checksum: 672ccdac197e8176eed1a9441d0caf8a29a90eb139b1cefdd4c9e71b1c48f5c749f5d101a2d85da15c6259214ebda95072835021407d60330a731a2672964b82
  languageName: node
  linkType: hard

"@types/node@npm:*, @types/node@npm:^14.14.22":
  version: 14.14.22
  resolution: "@types/node@npm:14.14.22"
  checksum: e46e32685b4d0261779c13c10ba3ff220cfa714b5c12f8f571fd52cc309546bdbc8ffc86cbad20559ad88e7b17e66fc51c98b067d8c3766597092c05df157b9b
  languageName: node
  linkType: hard

"@types/rimraf@npm:^3.0.0":
  version: 3.0.0
  resolution: "@types/rimraf@npm:3.0.0"
  dependencies:
    "@types/glob": "*"
    "@types/node": "*"
  checksum: 00a00a430f838ddafdbc17386f08d928b1ae7aeada84d112f4369a7a89b4d47c1bb6849688f1d6ee404a08338ab52a80c742f0c3040d63ccc2aaec04bd1009f5
  languageName: node
  linkType: hard

"@types/yargs-parser@npm:*":
  version: 20.2.0
  resolution: "@types/yargs-parser@npm:20.2.0"
  checksum: 202b8ca16a1589514f6b3155194c6fde9b5e5b2ffc1025849f93483f70ca9318f4d0423f209efc180beecbc447dcf14cf18e6177db296036e7927e302329dc94
  languageName: node
  linkType: hard

"@types/yargs@npm:^15.0.0":
  version: 15.0.13
  resolution: "@types/yargs@npm:15.0.13"
  dependencies:
    "@types/yargs-parser": "*"
  checksum: fa1a5b0a07dbbff1657a27d1191d586632412d170321000f6f417f279547a8c191d7058dbf4d4187c188a5a1aeb2473ddb25fe316b206fccdfe1de6fad976619
  languageName: node
  linkType: hard

"ansi-regex@npm:^5.0.0":
  version: 5.0.0
  resolution: "ansi-regex@npm:5.0.0"
  checksum: cbd9b5c9dbbb4a949c2a6e93f1c6cc19f0683d8a4724d08d2158627be6d373f0f3ba1f4ada01dce7ee141f2ba2628fbbd29932c7d49926e3b630c7f329f3178b
  languageName: node
  linkType: hard

"ansi-styles@npm:^4.0.0, ansi-styles@npm:^4.1.0":
  version: 4.3.0
  resolution: "ansi-styles@npm:4.3.0"
  dependencies:
    color-convert: ^2.0.1
  checksum: ea02c0179f3dd089a161f5fdd7ccd89dd84f31d82b68869f1134bf5c5b9e1313dadd2ff9edb02b44f46243f285ef5b785f6cb61c84a293694221417c42934407
  languageName: node
  linkType: hard

"balanced-match@npm:^1.0.0":
  version: 1.0.0
  resolution: "balanced-match@npm:1.0.0"
  checksum: f515a605fe1b59f476f7477c5e1d53ad55b4f42982fca1d57b6701906f4ad1f1ac90fd6587d92cc1af2edb43eecf979214dd847ee410a6de9db4ebf0dd128d62
  languageName: node
  linkType: hard

"brace-expansion@npm:^1.1.7":
  version: 1.1.11
  resolution: "brace-expansion@npm:1.1.11"
  dependencies:
    balanced-match: ^1.0.0
    concat-map: 0.0.1
  checksum: 4c878e25e4858baf801945dfd63eb68feab2e502cf1122f25f3915c0e3bf397af3a93ff6bef0798db41c0d81ef28c08e55daac38058710f749a3b96eee6b8f40
  languageName: node
  linkType: hard

"chalk@npm:^4.0.0":
  version: 4.1.0
  resolution: "chalk@npm:4.1.0"
  dependencies:
    ansi-styles: ^4.1.0
    supports-color: ^7.1.0
  checksum: f860285b419f9e925c2db0f45ffa88aa8794c14b80cc5d01ff30930bcfc384996606362706f0829cf557f6d36152a5fb2d227ad63c4bc90e2ec9e9dbed4a3c07
  languageName: node
  linkType: hard

"color-convert@npm:^2.0.1":
  version: 2.0.1
  resolution: "color-convert@npm:2.0.1"
  dependencies:
    color-name: ~1.1.4
  checksum: 3d5d8a011a43012ca11b6d739049ecf2055d95582fd16ec44bf1e685eb0baa5cc652002be8a1dc92b429c8d87418287d0528266a7595cb1ad8a7f4f1d3049df2
  languageName: node
  linkType: hard

"color-name@npm:~1.1.4":
  version: 1.1.4
  resolution: "color-name@npm:1.1.4"
  checksum: 3e1c9a4dee12eada307436f61614dd11fe300469db2b83f80c8b7a7cd8a1015f0f18dd13403f018927b249003777ff60baba4a03c65f12e6bddc0dfd9642021f
  languageName: node
  linkType: hard

"concat-map@npm:0.0.1":
  version: 0.0.1
  resolution: "concat-map@npm:0.0.1"
  checksum: 554e28d9ee5aa6e061795473ee092cb3d3a2cbdb76c35416e0bb6e03f136d7d07676da387b2ed0ec4106cedbb6534080d9abc48ecc4a92b76406cf2d0c3c0c4b
  languageName: node
  linkType: hard

"diff-sequences@npm:^26.6.2":
  version: 26.6.2
  resolution: "diff-sequences@npm:26.6.2"
  checksum: dd1eb6e52f0a200228b836876a69c90690003b8991cf7d9264d6e6063acde8fe852084b6a196f2a13f169d309e30c24c457e9c8db617aed186c665efb50af1d8
  languageName: node
  linkType: hard

"fs.realpath@npm:^1.0.0":
  version: 1.0.0
  resolution: "fs.realpath@npm:1.0.0"
  checksum: 698a91b1695e3926185c9e5b0dd57cf687dceb4eb73799af91e6b2ab741735e2962c366c5af6403ffddae2619914193bd339efa706fdc984d0ffc74b7a3603f4
  languageName: node
  linkType: hard

"glob@npm:^7.1.3":
  version: 7.1.6
  resolution: "glob@npm:7.1.6"
  dependencies:
    fs.realpath: ^1.0.0
    inflight: ^1.0.4
    inherits: 2
    minimatch: ^3.0.4
    once: ^1.3.0
    path-is-absolute: ^1.0.0
  checksum: 789977b52432865bd63846da5c75a6efc2c56abdc0cb5ffcdb8e91eeb67a58fa5594c1195d18b2b4aff99675b0739ed6bd61024b26562e0cca18c8f993efdc82
  languageName: node
  linkType: hard

"has-flag@npm:^4.0.0":
  version: 4.0.0
  resolution: "has-flag@npm:4.0.0"
  checksum: 2e5391139d3d287231ccb58659702392f6e3abeac3296fb4721afaff46493f3d9b99a9329ae015dfe973aa206ed5c75f43e86aec0267dce79aa5c2b6e811b3ad
  languageName: node
  linkType: hard

"inflight@npm:^1.0.4":
  version: 1.0.6
  resolution: "inflight@npm:1.0.6"
  dependencies:
    once: ^1.3.0
    wrappy: 1
  checksum: 17c53fc42cbe7f7f471d2bc41b97a0cde4b79a74d5ff59997d3f75210566fa278e17596da526d43de2bd07e222706240ce50e60097e54f2cde2e64cbbb372638
  languageName: node
  linkType: hard

"inherits@npm:2":
  version: 2.0.4
  resolution: "inherits@npm:2.0.4"
  checksum: 98426da247ddfc3dcd7d7daedd90c3ca32d5b08deca08949726f12d49232aef94772a07b36cf4ff833e105ae2ef931777f6de4a6dd8245a216b9299ad4a50bea
  languageName: node
  linkType: hard

"jest-diff@npm:^26.0.0":
  version: 26.6.2
  resolution: "jest-diff@npm:26.6.2"
  dependencies:
    chalk: ^4.0.0
    diff-sequences: ^26.6.2
    jest-get-type: ^26.3.0
    pretty-format: ^26.6.2
  checksum: 05d0f1bdba147a026eab4121a73a69ee3df21aec59ecd34659d665ee0663e518636650b435d248974ab5aceb345de9bfcc035efd01df723fe788756a07c8d046
  languageName: node
  linkType: hard

"jest-get-type@npm:^26.3.0":
  version: 26.3.0
  resolution: "jest-get-type@npm:26.3.0"
  checksum: fc3e2d2b90cca74597c4ad6234c2fcc2ccb62894d0f7afe22fc55b5d93a2f02d3080ccef50f09c979d4b5a060bc76c4343911556d75ed9e892e0ebda6d54c44b
  languageName: node
  linkType: hard

"minimatch@npm:^3.0.4":
  version: 3.0.4
  resolution: "minimatch@npm:3.0.4"
  dependencies:
    brace-expansion: ^1.1.7
  checksum: 47eab9263962cacd5733e274ecad2d8e54b0f8e124ba35ae69189e296058f634a4967b87a98954f86fa5c830ff177caf827ce0136d28717ed3232951fb4fae62
  languageName: node
  linkType: hard

"once@npm:^1.3.0":
  version: 1.4.0
  resolution: "once@npm:1.4.0"
  dependencies:
    wrappy: 1
  checksum: 57afc246536cf6494437f982b26475f22bee860f8b77ce8eb1543f42a8bffe04b2c66ddfea9a16cb25ccb80943f8ee4fc639367ef97b7a6a4f2672eb573963f5
  languageName: node
  linkType: hard

"path-is-absolute@npm:^1.0.0":
  version: 1.0.1
  resolution: "path-is-absolute@npm:1.0.1"
  checksum: 907e1e3e6ac0aef6e65adffd75b3892191d76a5b94c5cf26b43667c4240531d11872ca6979c209b2e5e1609f7f579d02f64ba9936b48bb59d36cc529f0d965ed
  languageName: node
  linkType: hard

"pretty-format@npm:^26.0.0, pretty-format@npm:^26.6.2":
  version: 26.6.2
  resolution: "pretty-format@npm:26.6.2"
  dependencies:
    "@jest/types": ^26.6.2
    ansi-regex: ^5.0.0
    ansi-styles: ^4.0.0
    react-is: ^17.0.1
  checksum: 5ad34fc128218485732cf0271d396158a00584708fc97bf063c1c3c000fe14da572e9a1d3d7b92d95c5e24965434656c56ed0e45804dea2435ca59a1f86f1b07
  languageName: node
  linkType: hard

"react-is@npm:^17.0.1":
  version: 17.0.1
  resolution: "react-is@npm:17.0.1"
  checksum: 5a83dfc78e7adcb93d632bf367b0733db650e3abd2e9c57c33b87e50d201212c1884b0d7bcf13e692f1556189fa1b87f9f3e0ba10fe858fd6aebe83ed4fcd1ea
  languageName: node
  linkType: hard

"rimraf@npm:^3.0.2":
  version: 3.0.2
  resolution: "rimraf@npm:3.0.2"
  dependencies:
    glob: ^7.1.3
  bin:
    rimraf: bin.js
  checksum: f0de3e445581e64a8a077af476cc30708e659f5779ec2ca2a161556d0792aa318a685923798ae22055b4ecd02b9aff444ef619578f7af53cf8e0e248031e3dee
  languageName: node
  linkType: hard

"supports-color@npm:^7.1.0":
  version: 7.2.0
  resolution: "supports-color@npm:7.2.0"
  dependencies:
    has-flag: ^4.0.0
  checksum: 8e57067c39216f3c2ffce7cc14ca934d54746192571203aa9c9922d97d2d55cc1bdaa9e41a11f91e620670b5a74ebdec6b548a885d8cc2dea7cab59e21416029
  languageName: node
  linkType: hard

typescript@^4.1.3:
  version: 4.1.3
  resolution: "typescript@npm:4.1.3"
  bin:
    tsc: bin/tsc
    tsserver: bin/tsserver
  checksum: 4f7ab1506ea22c7a1c313ec5b4285e93ce08d709ad6086d02d3096adb399ca339972ee56d1e578213c51dd0fb7b0fad50283c2d3c39642405644458ae29774f8
  languageName: node
  linkType: hard

"typescript@patch:typescript@^4.1.3#builtin<compat/typescript>":
  version: 4.1.3
  resolution: "typescript@patch:typescript@npm%3A4.1.3#builtin<compat/typescript>::version=4.1.3&hash=cc6730"
  bin:
    tsc: bin/tsc
    tsserver: bin/tsserver
  checksum: 017af992148346e671d5b83b041773825888e9c94db8d2b9472cdbb6d6f0ee85927817473121524d319f8be6ffe5a6904d27ff6ef21356d2274fcadd52e17938
  languageName: node
  linkType: hard

"wrappy@npm:1":
  version: 1.0.2
  resolution: "wrappy@npm:1.0.2"
  checksum: 519fcda0fcdf0c16327be2de9d98646742307bc830277e8868529fcf7566f2b330a6453c233e0cdcb767d5838dd61a90984a02ecc983bcddebea5ad0833bbf98
  languageName: node
  linkType: hard
